
Microsoft Visual Studio Solution File, Format Version 12.00
# Visual Studio 14
VisualStudioVersion = 14.0.25123.0
MinimumVisualStudioVersion = 10.0.40219.1
Project("{FAE04EC0-301F-11D3-BF4B-00C04F79EFBC}") = "UploadPhotos", "UploadPhotos\UploadPhotos.csproj", "{C73ED9E9-4682-440B-9F49-7E24C54B99DF}"
EndProject
Global
	GlobalSection(SolutionConfigurationPlatforms) = preSolution
		Debug|Any CPU = Debug|Any CPU
		Release|Any CPU = Release|Any CPU
	EndGlobalSection
	GlobalSection(ProjectConfigurationPlatforms) = postSolution
		{C73ED9E9-4682-440B-9F49-7E24C54B99DF}.Debug|Any CPU.ActiveCfg = Debug|Any CPU
		{C73ED9E9-4682-440B-9F49-7E24C54B99DF}.Debug|Any CPU.Build.0 = Debug|Any CPU
		{C73ED9E9-4682-440B-9F49-7E24C54B99DF}.Release|Any CPU.ActiveCfg = Release|Any CPU
		{C73ED9E9-4682-440B-9F49-7E24C54B99DF}.Release|Any CPU.Build.0 = Release|Any CPU
	EndGlobalSection
	GlobalSection(SolutionProperties) = preSolution
		HideSolutionNode = FALSE
	EndGlobalSection
EndGlobal
